
Microsoft Visual Studio Solution File, Format Version 12.00
# Visual Studio Version 17
VisualStudioVersion = 17.14.36202.13
MinimumVisualStudioVersion = 10.0.40219.1
Project("{FAE04EC0-301F-11D3-BF4B-00C04F79EFBC}") = "Task1", "Task1\Task1.csproj", "{1705E56F-E503-47DD-8BD6-B5DACF51B386}"
EndProject
Project("{FAE04EC0-301F-11D3-BF4B-00C04F79EFBC}") = "ConsoleInterface", "..\ConsoleInterface\ConsoleInterface.csproj", "{59E28A0D-50E9-8C14-4F74-3B46713421AE}"
EndProject
Project("{FAE04EC0-301F-11D3-BF4B-00C04F79EFBC}") = "Task2", "Task2\Task2.csproj", "{DC7D103D-271E-4C71-A5B1-26AD847D898A}"
EndProject
Project("{FAE04EC0-301F-11D3-BF4B-00C04F79EFBC}") = "Task3", "Task3\Task3.csproj", "{BC32B64B-8323-4CD1-89D3-70B2E50462CA}"
EndProject
Project("{FAE04EC0-301F-11D3-BF4B-00C04F79EFBC}") = "Task4", "Task4\Task4.csproj", "{125E4F04-5A45-42F4-A18F-A4631955B223}"
EndProject
Global
	GlobalSection(SolutionConfigurationPlatforms) = preSolution
		Debug|Any CPU = Debug|Any CPU
		Debug|x64 = Debug|x64
		Debug|x86 = Debug|x86
		Release|Any CPU = Release|Any CPU
		Release|x64 = Release|x64
		Release|x86 = Release|x86
	EndGlobalSection
	GlobalSection(ProjectConfigurationPlatforms) = postSolution
		{1705E56F-E503-47DD-8BD6-B5DACF51B386}.Debug|Any CPU.ActiveCfg = Debug|Any CPU
		{1705E56F-E503-47DD-8BD6-B5DACF51B386}.Debug|Any CPU.Build.0 = Debug|Any CPU
		{1705E56F-E503-47DD-8BD6-B5DACF51B386}.Debug|x64.ActiveCfg = Debug|Any CPU
		{1705E56F-E503-47DD-8BD6-B5DACF51B386}.Debug|x64.Build.0 = Debug|Any CPU
		{1705E56F-E503-47DD-8BD6-B5DACF51B386}.Debug|x86.ActiveCfg = Debug|Any CPU
		{1705E56F-E503-47DD-8BD6-B5DACF51B386}.Debug|x86.Build.0 = Debug|Any CPU
		{1705E56F-E503-47DD-8BD6-B5DACF51B386}.Release|Any CPU.ActiveCfg = Release|Any CPU
		{1705E56F-E503-47DD-8BD6-B5DACF51B386}.Release|Any CPU.Build.0 = Release|Any CPU
		{1705E56F-E503-47DD-8BD6-B5DACF51B386}.Release|x64.ActiveCfg = Release|Any CPU
		{1705E56F-E503-47DD-8BD6-B5DACF51B386}.Release|x64.Build.0 = Release|Any CPU
		{1705E56F-E503-47DD-8BD6-B5DACF51B386}.Release|x86.ActiveCfg = Release|Any CPU
		{1705E56F-E503-47DD-8BD6-B5DACF51B386}.Release|x86.Build.0 = Release|Any CPU
		{59E28A0D-50E9-8C14-4F74-3B46713421AE}.Debug|Any CPU.ActiveCfg = Debug|Any CPU
		{59E28A0D-50E9-8C14-4F74-3B46713421AE}.Debug|Any CPU.Build.0 = Debug|Any CPU
		{59E28A0D-50E9-8C14-4F74-3B46713421AE}.Debug|x64.ActiveCfg = Debug|Any CPU
		{59E28A0D-50E9-8C14-4F74-3B46713421AE}.Debug|x64.Build.0 = Debug|Any CPU
		{59E28A0D-50E9-8C14-4F74-3B46713421AE}.Debug|x86.ActiveCfg = Debug|Any CPU
		{59E28A0D-50E9-8C14-4F74-3B46713421AE}.Debug|x86.Build.0 = Debug|Any CPU
		{59E28A0D-50E9-8C14-4F74-3B46713421AE}.Release|Any CPU.ActiveCfg = Release|Any CPU
		{59E28A0D-50E9-8C14-4F74-3B46713421AE}.Release|Any CPU.Build.0 = Release|Any CPU
		{59E28A0D-50E9-8C14-4F74-3B46713421AE}.Release|x64.ActiveCfg = Release|Any CPU
		{59E28A0D-50E9-8C14-4F74-3B46713421AE}.Release|x64.Build.0 = Release|Any CPU
		{59E28A0D-50E9-8C14-4F74-3B46713421AE}.Release|x86.ActiveCfg = Release|Any CPU
		{59E28A0D-50E9-8C14-4F74-3B46713421AE}.Release|x86.Build.0 = Release|Any CPU
		{DC7D103D-271E-4C71-A5B1-26AD847D898A}.Debug|Any CPU.ActiveCfg = Debug|Any CPU
		{DC7D103D-271E-4C71-A5B1-26AD847D898A}.Debug|Any CPU.Build.0 = Debug|Any CPU
		{DC7D103D-271E-4C71-A5B1-26AD847D898A}.Debug|x64.ActiveCfg = Debug|Any CPU
		{DC7D103D-271E-4C71-A5B1-26AD847D898A}.Debug|x64.Build.0 = Debug|Any CPU
		{DC7D103D-271E-4C71-A5B1-26AD847D898A}.Debug|x86.ActiveCfg = Debug|Any CPU
		{DC7D103D-271E-4C71-A5B1-26AD847D898A}.Debug|x86.Build.0 = Debug|Any CPU
		{DC7D103D-271E-4C71-A5B1-26AD847D898A}.Release|Any CPU.ActiveCfg = Release|Any CPU
		{DC7D103D-271E-4C71-A5B1-26AD847D898A}.Release|Any CPU.Build.0 = Release|Any CPU
		{DC7D103D-271E-4C71-A5B1-26AD847D898A}.Release|x64.ActiveCfg = Release|Any CPU
		{DC7D103D-271E-4C71-A5B1-26AD847D898A}.Release|x64.Build.0 = Release|Any CPU
		{DC7D103D-271E-4C71-A5B1-26AD847D898A}.Release|x86.ActiveCfg = Release|Any CPU
		{DC7D103D-271E-4C71-A5B1-26AD847D898A}.Release|x86.Build.0 = Release|Any CPU
		{BC32B64B-8323-4CD1-89D3-70B2E50462CA}.Debug|Any CPU.ActiveCfg = Debug|Any CPU
		{BC32B64B-8323-4CD1-89D3-70B2E50462CA}.Debug|Any CPU.Build.0 = Debug|Any CPU
		{BC32B64B-8323-4CD1-89D3-70B2E50462CA}.Debug|x64.ActiveCfg = Debug|Any CPU
		{BC32B64B-8323-4CD1-89D3-70B2E50462CA}.Debug|x64.Build.0 = Debug|Any CPU
		{BC32B64B-8323-4CD1-89D3-70B2E50462CA}.Debug|x86.ActiveCfg = Debug|Any CPU
		{BC32B64B-8323-4CD1-89D3-70B2E50462CA}.Debug|x86.Build.0 = Debug|Any CPU
		{BC32B64B-8323-4CD1-89D3-70B2E50462CA}.Release|Any CPU.ActiveCfg = Release|Any CPU
		{BC32B64B-8323-4CD1-89D3-70B2E50462CA}.Release|Any CPU.Build.0 = Release|Any CPU
		{BC32B64B-8323-4CD1-89D3-70B2E50462CA}.Release|x64.ActiveCfg = Release|Any CPU
		{BC32B64B-8323-4CD1-89D3-70B2E50462CA}.Release|x64.Build.0 = Release|Any CPU
		{BC32B64B-8323-4CD1-89D3-70B2E50462CA}.Release|x86.ActiveCfg = Release|Any CPU
		{BC32B64B-8323-4CD1-89D3-70B2E50462CA}.Release|x86.Build.0 = Release|Any CPU
		{125E4F04-5A45-42F4-A18F-A4631955B223}.Debug|Any CPU.ActiveCfg = Debug|Any CPU
		{125E4F04-5A45-42F4-A18F-A4631955B223}.Debug|Any CPU.Build.0 = Debug|Any CPU
		{125E4F04-5A45-42F4-A18F-A4631955B223}.Debug|x64.ActiveCfg = Debug|Any CPU
		{125E4F04-5A45-42F4-A18F-A4631955B223}.Debug|x64.Build.0 = Debug|Any CPU
		{125E4F04-5A45-42F4-A18F-A4631955B223}.Debug|x86.ActiveCfg = Debug|Any CPU
		{125E4F04-5A45-42F4-A18F-A4631955B223}.Debug|x86.Build.0 = Debug|Any CPU
		{125E4F04-5A45-42F4-A18F-A4631955B223}.Release|Any CPU.ActiveCfg = Release|Any CPU
		{125E4F04-5A45-42F4-A18F-A4631955B223}.Release|Any CPU.Build.0 = Release|Any CPU
		{125E4F04-5A45-42F4-A18F-A4631955B223}.Release|x64.ActiveCfg = Release|Any CPU
		{125E4F04-5A45-42F4-A18F-A4631955B223}.Release|x64.Build.0 = Release|Any CPU
		{125E4F04-5A45-42F4-A18F-A4631955B223}.Release|x86.ActiveCfg = Release|Any CPU
		{125E4F04-5A45-42F4-A18F-A4631955B223}.Release|x86.Build.0 = Release|Any CPU
	EndGlobalSection
	GlobalSection(SolutionProperties) = preSolution
		HideSolutionNode = FALSE
	EndGlobalSection
	GlobalSection(ExtensibilityGlobals) = postSolution
		SolutionGuid = {73E5272A-055A-4B74-ADB0-5788FFF58357}
	EndGlobalSection
EndGlobal
