
Microsoft Visual Studio Solution File, Format Version 12.00
# Visual Studio Version 17
VisualStudioVersion = 17.14.36717.8
MinimumVisualStudioVersion = 10.0.40219.1
Project("{FAE04EC0-301F-11D3-BF4B-00C04F79EFBC}") = "Task1", "Task1\Task1.csproj", "{C0B2C200-191A-4F13-863B-984175493970}"
EndProject
Project("{FAE04EC0-301F-11D3-BF4B-00C04F79EFBC}") = "ConsoleInterface", "..\ConsoleInterface\ConsoleInterface.csproj", "{A615561F-F7C6-485F-430B-0812D58B9C28}"
EndProject
Project("{FAE04EC0-301F-11D3-BF4B-00C04F79EFBC}") = "Task2", "Task2\Task2.csproj", "{5B2818B6-3A3E-4B4C-AB7A-224E44A560B9}"
EndProject
Project("{FAE04EC0-301F-11D3-BF4B-00C04F79EFBC}") = "Task3", "Task3\Task3.csproj", "{ECA9E1C0-8BF1-4903-98E9-BE2448BA4294}"
EndProject
Global
	GlobalSection(SolutionConfigurationPlatforms) = preSolution
		Debug|Any CPU = Debug|Any CPU
		Release|Any CPU = Release|Any CPU
	EndGlobalSection
	GlobalSection(ProjectConfigurationPlatforms) = postSolution
		{C0B2C200-191A-4F13-863B-984175493970}.Debug|Any CPU.ActiveCfg = Debug|Any CPU
		{C0B2C200-191A-4F13-863B-984175493970}.Debug|Any CPU.Build.0 = Debug|Any CPU
		{C0B2C200-191A-4F13-863B-984175493970}.Release|Any CPU.ActiveCfg = Release|Any CPU
		{C0B2C200-191A-4F13-863B-984175493970}.Release|Any CPU.Build.0 = Release|Any CPU
		{A615561F-F7C6-485F-430B-0812D58B9C28}.Debug|Any CPU.ActiveCfg = Debug|Any CPU
		{A615561F-F7C6-485F-430B-0812D58B9C28}.Debug|Any CPU.Build.0 = Debug|Any CPU
		{A615561F-F7C6-485F-430B-0812D58B9C28}.Release|Any CPU.ActiveCfg = Release|Any CPU
		{A615561F-F7C6-485F-430B-0812D58B9C28}.Release|Any CPU.Build.0 = Release|Any CPU
		{5B2818B6-3A3E-4B4C-AB7A-224E44A560B9}.Debug|Any CPU.ActiveCfg = Debug|Any CPU
		{5B2818B6-3A3E-4B4C-AB7A-224E44A560B9}.Debug|Any CPU.Build.0 = Debug|Any CPU
		{5B2818B6-3A3E-4B4C-AB7A-224E44A560B9}.Release|Any CPU.ActiveCfg = Release|Any CPU
		{5B2818B6-3A3E-4B4C-AB7A-224E44A560B9}.Release|Any CPU.Build.0 = Release|Any CPU
		{ECA9E1C0-8BF1-4903-98E9-BE2448BA4294}.Debug|Any CPU.ActiveCfg = Debug|Any CPU
		{ECA9E1C0-8BF1-4903-98E9-BE2448BA4294}.Debug|Any CPU.Build.0 = Debug|Any CPU
		{ECA9E1C0-8BF1-4903-98E9-BE2448BA4294}.Release|Any CPU.ActiveCfg = Release|Any CPU
		{ECA9E1C0-8BF1-4903-98E9-BE2448BA4294}.Release|Any CPU.Build.0 = Release|Any CPU
	EndGlobalSection
	GlobalSection(SolutionProperties) = preSolution
		HideSolutionNode = FALSE
	EndGlobalSection
	GlobalSection(ExtensibilityGlobals) = postSolution
		SolutionGuid = {3430C2EC-FCFD-4699-A062-5E07134AA3C1}
	EndGlobalSection
EndGlobal
