
Microsoft Visual Studio Solution File, Format Version 12.00
# Visual Studio Version 17
VisualStudioVersion = 17.14.36202.13 d17.14
MinimumVisualStudioVersion = 10.0.40219.1
Project("{FAE04EC0-301F-11D3-BF4B-00C04F79EFBC}") = "Task1", "Task1\Task1.csproj", "{DFB3C998-53B0-4C7F-B33D-4A6C1726F22B}"
EndProject
Project("{FAE04EC0-301F-11D3-BF4B-00C04F79EFBC}") = "ConsoleInterface", "..\ConsoleInterface\ConsoleInterface.csproj", "{A615561F-F7C6-485F-430B-0812D58B9C28}"
EndProject
Project("{FAE04EC0-301F-11D3-BF4B-00C04F79EFBC}") = "Task2", "Task2\Task2.csproj", "{52F5E0AB-EEB2-418F-8EB8-F7B8DC86D68D}"
EndProject
Global
	GlobalSection(SolutionConfigurationPlatforms) = preSolution
		Debug|Any CPU = Debug|Any CPU
		Release|Any CPU = Release|Any CPU
	EndGlobalSection
	GlobalSection(ProjectConfigurationPlatforms) = postSolution
		{DFB3C998-53B0-4C7F-B33D-4A6C1726F22B}.Debug|Any CPU.ActiveCfg = Debug|Any CPU
		{DFB3C998-53B0-4C7F-B33D-4A6C1726F22B}.Debug|Any CPU.Build.0 = Debug|Any CPU
		{DFB3C998-53B0-4C7F-B33D-4A6C1726F22B}.Release|Any CPU.ActiveCfg = Release|Any CPU
		{DFB3C998-53B0-4C7F-B33D-4A6C1726F22B}.Release|Any CPU.Build.0 = Release|Any CPU
		{A615561F-F7C6-485F-430B-0812D58B9C28}.Debug|Any CPU.ActiveCfg = Debug|Any CPU
		{A615561F-F7C6-485F-430B-0812D58B9C28}.Debug|Any CPU.Build.0 = Debug|Any CPU
		{A615561F-F7C6-485F-430B-0812D58B9C28}.Release|Any CPU.ActiveCfg = Release|Any CPU
		{A615561F-F7C6-485F-430B-0812D58B9C28}.Release|Any CPU.Build.0 = Release|Any CPU
		{52F5E0AB-EEB2-418F-8EB8-F7B8DC86D68D}.Debug|Any CPU.ActiveCfg = Debug|Any CPU
		{52F5E0AB-EEB2-418F-8EB8-F7B8DC86D68D}.Debug|Any CPU.Build.0 = Debug|Any CPU
		{52F5E0AB-EEB2-418F-8EB8-F7B8DC86D68D}.Release|Any CPU.ActiveCfg = Release|Any CPU
		{52F5E0AB-EEB2-418F-8EB8-F7B8DC86D68D}.Release|Any CPU.Build.0 = Release|Any CPU
	EndGlobalSection
	GlobalSection(SolutionProperties) = preSolution
		HideSolutionNode = FALSE
	EndGlobalSection
	GlobalSection(ExtensibilityGlobals) = postSolution
		SolutionGuid = {0BB5902B-FC15-48AD-8CDA-FE40AAB9F2E7}
	EndGlobalSection
EndGlobal
